
Microsoft Visual Studio Solution File, Format Version 12.00
# Visual Studio Version 16
VisualStudioVersion = 16.0.31205.134
MinimumVisualStudioVersion = 10.0.40219.1
Project("{FAE04EC0-301F-11D3-BF4B-00C04F79EFBC}") = "AmIPositive", "AmIPositive.csproj", "{D725DAD1-E047-4AA2-B9DB-D9E8364CC187}"
EndProject
Global
	GlobalSection(SolutionConfigurationPlatforms) = preSolution
		Debug|Any CPU = Debug|Any CPU
		Release|Any CPU = Release|Any CPU
	EndGlobalSection
	GlobalSection(ProjectConfigurationPlatforms) = postSolution
		{D725DAD1-E047-4AA2-B9DB-D9E8364CC187}.Debug|Any CPU.ActiveCfg = Debug|Any CPU
		{D725DAD1-E047-4AA2-B9DB-D9E8364CC187}.Debug|Any CPU.Build.0 = Debug|Any CPU
		{D725DAD1-E047-4AA2-B9DB-D9E8364CC187}.Release|Any CPU.ActiveCfg = Release|Any CPU
		{D725DAD1-E047-4AA2-B9DB-D9E8364CC187}.Release|Any CPU.Build.0 = Release|Any CPU
	EndGlobalSection
	GlobalSection(SolutionProperties) = preSolution
		HideSolutionNode = FALSE
	EndGlobalSection
	GlobalSection(ExtensibilityGlobals) = postSolution
		SolutionGuid = {BA4C4E3D-FFCA-4B78-AF99-BDB461122141}
	EndGlobalSection
EndGlobal
